
Microsoft Visual Studio Solution File, Format Version 12.00
# Visual Studio 14
VisualStudioVersion = 14.0.22823.1
MinimumVisualStudioVersion = 10.0.40219.1
Project("{F184B08F-C81C-45F6-A57F-5ABD9991F28F}") = "SaruvMaster", "SaruvMaster\SaruvMaster.vbproj", "{3FDB1CE6-FD9B-4343-AFB9-9BC9B9D99048}"
EndProject
Global
	GlobalSection(SolutionConfigurationPlatforms) = preSolution
		Debug|Any CPU = Debug|Any CPU
		Release|Any CPU = Release|Any CPU
	EndGlobalSection
	GlobalSection(ProjectConfigurationPlatforms) = postSolution
		{3FDB1CE6-FD9B-4343-AFB9-9BC9B9D99048}.Debug|Any CPU.ActiveCfg = Debug|Any CPU
		{3FDB1CE6-FD9B-4343-AFB9-9BC9B9D99048}.Debug|Any CPU.Build.0 = Debug|Any CPU
		{3FDB1CE6-FD9B-4343-AFB9-9BC9B9D99048}.Release|Any CPU.ActiveCfg = Release|Any CPU
		{3FDB1CE6-FD9B-4343-AFB9-9BC9B9D99048}.Release|Any CPU.Build.0 = Release|Any CPU
	EndGlobalSection
	GlobalSection(SolutionProperties) = preSolution
		HideSolutionNode = FALSE
	EndGlobalSection
EndGlobal
